
Microsoft Visual Studio Solution File, Format Version 12.00
# Visual Studio Version 16
VisualStudioVersion = 16.0.29709.97
MinimumVisualStudioVersion = 10.0.40219.1
Project("{FAE04EC0-301F-11D3-BF4B-00C04F79EFBC}") = "SAL_Module1", "SAL_Module1\SAL_Module1.csproj", "{0BCEB2D8-8F40-425D-887E-9030B5460C21}"
EndProject
Global
	GlobalSection(SolutionConfigurationPlatforms) = preSolution
		Debug|Any CPU = Debug|Any CPU
		Release|Any CPU = Release|Any CPU
	EndGlobalSection
	GlobalSection(ProjectConfigurationPlatforms) = postSolution
		{0BCEB2D8-8F40-425D-887E-9030B5460C21}.Debug|Any CPU.ActiveCfg = Debug|Any CPU
		{0BCEB2D8-8F40-425D-887E-9030B5460C21}.Debug|Any CPU.Build.0 = Debug|Any CPU
		{0BCEB2D8-8F40-425D-887E-9030B5460C21}.Release|Any CPU.ActiveCfg = Release|Any CPU
		{0BCEB2D8-8F40-425D-887E-9030B5460C21}.Release|Any CPU.Build.0 = Release|Any CPU
	EndGlobalSection
	GlobalSection(SolutionProperties) = preSolution
		HideSolutionNode = FALSE
	EndGlobalSection
	GlobalSection(ExtensibilityGlobals) = postSolution
		SolutionGuid = {F0A13540-217E-4AA1-A5AE-5684F73D3F06}
	EndGlobalSection
EndGlobal
